// !$*UTF8*$!
{
	archiveVersion = 1;
	classes = {
	};
	objectVersion = 46;
	objects = {

/* Begin PBXBuildFile section */
		452837981BC4CC5100EB31BF /* main.m in Sources */ = {isa = PBXBuildFile; fileRef = 452837971BC4CC5100EB31BF /* main.m */; };
		4528379B1BC4CC5100EB31BF /* AppDelegate.m in Sources */ = {isa = PBXBuildFile; fileRef = 4528379A1BC4CC5100EB31BF /* AppDelegate.m */; };
		452837A11BC4CC5100EB31BF /* Main.storyboard in Resources */ = {isa = PBXBuildFile; fileRef = 4528379F1BC4CC5100EB31BF /* Main.storyboard */; };
		452837A31BC4CC5100EB31BF /* Assets.xcassets in Resources */ = {isa = PBXBuildFile; fileRef = 452837A21BC4CC5100EB31BF /* Assets.xcassets */; };
		452837A61BC4CC5100EB31BF /* LaunchScreen.storyboard in Resources */ = {isa = PBXBuildFile; fileRef = 452837A41BC4CC5100EB31BF /* LaunchScreen.storyboard */; };
		452837B11BC4CC5100EB31BF /* AIVista___Tests.m in Sources */ = {isa = PBXBuildFile; fileRef = 452837B01BC4CC5100EB31BF /* AIVista___Tests.m */; };
		452837BC1BC4CC5100EB31BF /* AIVista___UITests.m in Sources */ = {isa = PBXBuildFile; fileRef = 452837BB1BC4CC5100EB31BF /* AIVista___UITests.m */; };
		452837F11BC4D09D00EB31BF /* NSString+Extension.m in Sources */ = {isa = PBXBuildFile; fileRef = 452837EA1BC4D09D00EB31BF /* NSString+Extension.m */; settings = {ASSET_TAGS = (); }; };
		452837F21BC4D09D00EB31BF /* UIBarButtonItem+Extension.m in Sources */ = {isa = PBXBuildFile; fileRef = 452837EC1BC4D09D00EB31BF /* UIBarButtonItem+Extension.m */; settings = {ASSET_TAGS = (); }; };
		452837F31BC4D09D00EB31BF /* UIImage+Extension.m in Sources */ = {isa = PBXBuildFile; fileRef = 452837EE1BC4D09D00EB31BF /* UIImage+Extension.m */; settings = {ASSET_TAGS = (); }; };
		452837F41BC4D09D00EB31BF /* UIView+Extension.m in Sources */ = {isa = PBXBuildFile; fileRef = 452837F01BC4D09D00EB31BF /* UIView+Extension.m */; settings = {ASSET_TAGS = (); }; };
		452837F91BC4D78600EB31BF /* AIBaseNavController.m in Sources */ = {isa = PBXBuildFile; fileRef = 452837F61BC4D78600EB31BF /* AIBaseNavController.m */; settings = {ASSET_TAGS = (); }; };
		452837FA1BC4D78600EB31BF /* AITabBarViewController.m in Sources */ = {isa = PBXBuildFile; fileRef = 452837F81BC4D78600EB31BF /* AITabBarViewController.m */; settings = {ASSET_TAGS = (); }; };
		452837FD1BC4D8DE00EB31BF /* AITabBar.m in Sources */ = {isa = PBXBuildFile; fileRef = 452837FC1BC4D8DE00EB31BF /* AITabBar.m */; settings = {ASSET_TAGS = (); }; };
		452838001BC4D97100EB31BF /* AIInformationTableViewController.m in Sources */ = {isa = PBXBuildFile; fileRef = 452837FF1BC4D97100EB31BF /* AIInformationTableViewController.m */; settings = {ASSET_TAGS = (); }; };
		452838031BC4D98F00EB31BF /* AIMagazineTableViewController.m in Sources */ = {isa = PBXBuildFile; fileRef = 452838021BC4D98F00EB31BF /* AIMagazineTableViewController.m */; settings = {ASSET_TAGS = (); }; };
		452838061BC4D9D900EB31BF /* AIPictureViewController.m in Sources */ = {isa = PBXBuildFile; fileRef = 452838051BC4D9D900EB31BF /* AIPictureViewController.m */; settings = {ASSET_TAGS = (); }; };
		452838091BC4D9ED00EB31BF /* AIRespectableViewController.m in Sources */ = {isa = PBXBuildFile; fileRef = 452838081BC4D9ED00EB31BF /* AIRespectableViewController.m */; settings = {ASSET_TAGS = (); }; };
		4528380D1BC4F53100EB31BF /* AIRequestModel.m in Sources */ = {isa = PBXBuildFile; fileRef = 4528380C1BC4F53100EB31BF /* AIRequestModel.m */; settings = {ASSET_TAGS = (); }; };
		4528384C1BC4F59F00EB31BF /* LICENSE in Resources */ = {isa = PBXBuildFile; fileRef = 452838341BC4F59F00EB31BF /* LICENSE */; settings = {ASSET_TAGS = (); }; };
		4528384D1BC4F59F00EB31BF /* README.md in Sources */ = {isa = PBXBuildFile; fileRef = 452838351BC4F59F00EB31BF /* README.md */; settings = {ASSET_TAGS = (); }; };
		4528384E1BC4F59F00EB31BF /* MMHud.m in Sources */ = {isa = PBXBuildFile; fileRef = 452838381BC4F59F00EB31BF /* MMHud.m */; settings = {COMPILER_FLAGS = "-fno-objc-arc"; }; };
		4528384F1BC4F59F00EB31BF /* MMLinearProgressView.m in Sources */ = {isa = PBXBuildFile; fileRef = 4528383A1BC4F59F00EB31BF /* MMLinearProgressView.m */; settings = {COMPILER_FLAGS = "-fno-objc-arc"; }; };
		452838501BC4F59F00EB31BF /* MMProgressHUD+Animations.m in Sources */ = {isa = PBXBuildFile; fileRef = 4528383C1BC4F59F00EB31BF /* MMProgressHUD+Animations.m */; settings = {COMPILER_FLAGS = "-fno-objc-arc"; }; };
		452838511BC4F59F00EB31BF /* MMProgressHUD+Class.m in Sources */ = {isa = PBXBuildFile; fileRef = 4528383D1BC4F59F00EB31BF /* MMProgressHUD+Class.m */; settings = {COMPILER_FLAGS = "-fno-objc-arc"; }; };
		452838521BC4F59F00EB31BF /* MMProgressHUD.m in Sources */ = {isa = PBXBuildFile; fileRef = 4528383F1BC4F59F00EB31BF /* MMProgressHUD.m */; settings = {COMPILER_FLAGS = "-fno-objc-arc"; }; };
		452838531BC4F59F00EB31BF /* MMProgressHUDOverlayView.m in Sources */ = {isa = PBXBuildFile; fileRef = 452838421BC4F59F00EB31BF /* MMProgressHUDOverlayView.m */; settings = {COMPILER_FLAGS = "-fno-objc-arc"; }; };
		452838541BC4F59F00EB31BF /* MMProgressHUDViewController.m in Sources */ = {isa = PBXBuildFile; fileRef = 452838441BC4F59F00EB31BF /* MMProgressHUDViewController.m */; settings = {COMPILER_FLAGS = "-fno-objc-arc"; }; };
		452838551BC4F59F00EB31BF /* MMProgressHUDWindow.m in Sources */ = {isa = PBXBuildFile; fileRef = 452838461BC4F59F00EB31BF /* MMProgressHUDWindow.m */; settings = {COMPILER_FLAGS = "-fno-objc-arc"; }; };
		452838561BC4F59F00EB31BF /* MMRadialProgressView.m in Sources */ = {isa = PBXBuildFile; fileRef = 452838491BC4F59F00EB31BF /* MMRadialProgressView.m */; settings = {COMPILER_FLAGS = "-fno-objc-arc"; }; };
		452838571BC4F59F00EB31BF /* MMVectorImage.m in Sources */ = {isa = PBXBuildFile; fileRef = 4528384B1BC4F59F00EB31BF /* MMVectorImage.m */; settings = {COMPILER_FLAGS = "-fno-objc-arc"; }; };
		4528387F1BC4F5B800EB31BF /* AFHTTPRequestOperation.m in Sources */ = {isa = PBXBuildFile; fileRef = 4528385B1BC4F5B800EB31BF /* AFHTTPRequestOperation.m */; settings = {ASSET_TAGS = (); }; };
		452838801BC4F5B800EB31BF /* AFHTTPRequestOperationManager.m in Sources */ = {isa = PBXBuildFile; fileRef = 4528385D1BC4F5B800EB31BF /* AFHTTPRequestOperationManager.m */; settings = {ASSET_TAGS = (); }; };
		452838811BC4F5B800EB31BF /* AFHTTPSessionManager.m in Sources */ = {isa = PBXBuildFile; fileRef = 4528385F1BC4F5B800EB31BF /* AFHTTPSessionManager.m */; settings = {ASSET_TAGS = (); }; };
		452838821BC4F5B800EB31BF /* AFNetworkReachabilityManager.m in Sources */ = {isa = PBXBuildFile; fileRef = 452838621BC4F5B800EB31BF /* AFNetworkReachabilityManager.m */; settings = {ASSET_TAGS = (); }; };
		452838831BC4F5B800EB31BF /* AFSecurityPolicy.m in Sources */ = {isa = PBXBuildFile; fileRef = 452838641BC4F5B800EB31BF /* AFSecurityPolicy.m */; settings = {ASSET_TAGS = (); }; };
		452838841BC4F5B800EB31BF /* AFURLConnectionOperation.m in Sources */ = {isa = PBXBuildFile; fileRef = 452838661BC4F5B800EB31BF /* AFURLConnectionOperation.m */; settings = {ASSET_TAGS = (); }; };
		452838851BC4F5B800EB31BF /* AFURLRequestSerialization.m in Sources */ = {isa = PBXBuildFile; fileRef = 452838681BC4F5B800EB31BF /* AFURLRequestSerialization.m */; settings = {ASSET_TAGS = (); }; };
		452838861BC4F5B800EB31BF /* AFURLResponseSerialization.m in Sources */ = {isa = PBXBuildFile; fileRef = 4528386A1BC4F5B800EB31BF /* AFURLResponseSerialization.m */; settings = {ASSET_TAGS = (); }; };
		452838871BC4F5B800EB31BF /* AFURLSessionManager.m in Sources */ = {isa = PBXBuildFile; fileRef = 4528386C1BC4F5B800EB31BF /* AFURLSessionManager.m */; settings = {ASSET_TAGS = (); }; };
		452838881BC4F5B800EB31BF /* AFNetworkActivityIndicatorManager.m in Sources */ = {isa = PBXBuildFile; fileRef = 4528386F1BC4F5B800EB31BF /* AFNetworkActivityIndicatorManager.m */; settings = {ASSET_TAGS = (); }; };
		452838891BC4F5B800EB31BF /* UIActivityIndicatorView+AFNetworking.m in Sources */ = {isa = PBXBuildFile; fileRef = 452838711BC4F5B800EB31BF /* UIActivityIndicatorView+AFNetworking.m */; settings = {ASSET_TAGS = (); }; };
		4528388A1BC4F5B800EB31BF /* UIAlertView+AFNetworking.m in Sources */ = {isa = PBXBuildFile; fileRef = 452838731BC4F5B800EB31BF /* UIAlertView+AFNetworking.m */; settings = {ASSET_TAGS = (); }; };
		4528388B1BC4F5B800EB31BF /* UIButton+AFNetworking.m in Sources */ = {isa = PBXBuildFile; fileRef = 452838751BC4F5B800EB31BF /* UIButton+AFNetworking.m */; settings = {ASSET_TAGS = (); }; };
		4528388C1BC4F5B800EB31BF /* UIImageView+AFNetworking.m in Sources */ = {isa = PBXBuildFile; fileRef = 452838771BC4F5B800EB31BF /* UIImageView+AFNetworking.m */; settings = {ASSET_TAGS = (); }; };
		4528388D1BC4F5B800EB31BF /* UIProgressView+AFNetworking.m in Sources */ = {isa = PBXBuildFile; fileRef = 4528387A1BC4F5B800EB31BF /* UIProgressView+AFNetworking.m */; settings = {ASSET_TAGS = (); }; };
		4528388E1BC4F5B800EB31BF /* UIRefreshControl+AFNetworking.m in Sources */ = {isa = PBXBuildFile; fileRef = 4528387C1BC4F5B800EB31BF /* UIRefreshControl+AFNetworking.m */; settings = {ASSET_TAGS = (); }; };
		4528388F1BC4F5B800EB31BF /* UIWebView+AFNetworking.m in Sources */ = {isa = PBXBuildFile; fileRef = 4528387E1BC4F5B800EB31BF /* UIWebView+AFNetworking.m */; settings = {ASSET_TAGS = (); }; };
		452838911BC4F60C00EB31BF /* MessageUI.framework in Frameworks */ = {isa = PBXBuildFile; fileRef = 452838901BC4F60C00EB31BF /* MessageUI.framework */; };
		452838941BC4F9B800EB31BF /* AIBaseTableViewController.m in Sources */ = {isa = PBXBuildFile; fileRef = 452838931BC4F9B800EB31BF /* AIBaseTableViewController.m */; settings = {ASSET_TAGS = (); }; };
		452838971BC5009500EB31BF /* AIBaseTableViewCell.m in Sources */ = {isa = PBXBuildFile; fileRef = 452838961BC5009500EB31BF /* AIBaseTableViewCell.m */; settings = {ASSET_TAGS = (); }; };
		4528389A1BC5013700EB31BF /* AIBaseCellModel.m in Sources */ = {isa = PBXBuildFile; fileRef = 452838991BC5013700EB31BF /* AIBaseCellModel.m */; settings = {ASSET_TAGS = (); }; };
		4528389D1BC5048000EB31BF /* AIInformationModel.m in Sources */ = {isa = PBXBuildFile; fileRef = 4528389C1BC5048000EB31BF /* AIInformationModel.m */; settings = {ASSET_TAGS = (); }; };
		452838A01BC505E400EB31BF /* AIMagazineModel.m in Sources */ = {isa = PBXBuildFile; fileRef = 4528389F1BC505E400EB31BF /* AIMagazineModel.m */; settings = {ASSET_TAGS = (); }; };
		452838A21BC508D400EB31BF /* AIBaseTableViewCell.xib in Resources */ = {isa = PBXBuildFile; fileRef = 452838A11BC508D400EB31BF /* AIBaseTableViewCell.xib */; settings = {ASSET_TAGS = (); }; };
		452838A61BC5235500EB31BF /* AICollectionViewCell.m in Sources */ = {isa = PBXBuildFile; fileRef = 452838A41BC5235500EB31BF /* AICollectionViewCell.m */; settings = {ASSET_TAGS = (); }; };
		452838A71BC5235500EB31BF /* AICollectionViewCell.xib in Resources */ = {isa = PBXBuildFile; fileRef = 452838A51BC5235500EB31BF /* AICollectionViewCell.xib */; settings = {ASSET_TAGS = (); }; };
		452838AA1BC5243900EB31BF /* AIPictureModel.m in Sources */ = {isa = PBXBuildFile; fileRef = 452838A91BC5243900EB31BF /* AIPictureModel.m */; settings = {ASSET_TAGS = (); }; };
/* End PBXBuildFile section */

/* Begin PBXContainerItemProxy section */
		452837AD1BC4CC5100EB31BF /* PBXContainerItemProxy */ = {
			isa = PBXContainerItemProxy;
			containerPortal = 4528378B1BC4CC5000EB31BF /* Project object */;
			proxyType = 1;
			remoteGlobalIDString = 452837921BC4CC5000EB31BF;
			remoteInfo = "AIVista看天下";
		};
		452837B81BC4CC5100EB31BF /* PBXContainerItemProxy */ = {
			isa = PBXContainerItemProxy;
			containerPortal = 4528378B1BC4CC5000EB31BF /* Project object */;
			proxyType = 1;
			remoteGlobalIDString = 452837921BC4CC5000EB31BF;
			remoteInfo = "AIVista看天下";
		};
/* End PBXContainerItemProxy section */

/* Begin PBXFileReference section */
		452837931BC4CC5100EB31BF /* AIVista看天下.app */ = {isa = PBXFileReference; explicitFileType = wrapper.application; includeInIndex = 0; path = "AIVista看天下.app"; sourceTree = BUILT_PRODUCTS_DIR; };
		452837971BC4CC5100EB31BF /* main.m */ = {isa = PBXFileReference; lastKnownFileType = sourcecode.c.objc; path = main.m; sourceTree = "<group>"; };
		452837991BC4CC5100EB31BF /* AppDelegate.h */ = {isa = PBXFileReference; lastKnownFileType = sourcecode.c.h; name = AppDelegate.h; path = ../../AppDelegate.h; sourceTree = "<group>"; };
		4528379A1BC4CC5100EB31BF /* AppDelegate.m */ = {isa = PBXFileReference; lastKnownFileType = sourcecode.c.objc; name = AppDelegate.m; path = ../../AppDelegate.m; sourceTree = "<group>"; };
		452837A01BC4CC5100EB31BF /* Base */ = {isa = PBXFileReference; lastKnownFileType = file.storyboard; name = Base; path = Base.lproj/Main.storyboard; sourceTree = "<group>"; };
		452837A21BC4CC5100EB31BF /* Assets.xcassets */ = {isa = PBXFileReference; lastKnownFileType = folder.assetcatalog; path = Assets.xcassets; sourceTree = "<group>"; };
		452837A51BC4CC5100EB31BF /* Base */ = {isa = PBXFileReference; lastKnownFileType = file.storyboard; name = Base; path = Base.lproj/LaunchScreen.storyboard; sourceTree = "<group>"; };
		452837A71BC4CC5100EB31BF /* Info.plist */ = {isa = PBXFileReference; lastKnownFileType = text.plist.xml; path = Info.plist; sourceTree = "<group>"; };
		452837AC1BC4CC5100EB31BF /* AIVista看天下Tests.xctest */ = {isa = PBXFileReference; explicitFileType = wrapper.cfbundle; includeInIndex = 0; path = "AIVista看天下Tests.xctest"; sourceTree = BUILT_PRODUCTS_DIR; };
		452837B01BC4CC5100EB31BF /* AIVista___Tests.m */ = {isa = PBXFileReference; lastKnownFileType = sourcecode.c.objc; path = "AIVista___Tests.m"; sourceTree = "<group>"; };
		452837B21BC4CC5100EB31BF /* Info.plist */ = {isa = PBXFileReference; lastKnownFileType = text.plist.xml; path = Info.plist; sourceTree = "<group>"; };
		452837B71BC4CC5100EB31BF /* AIVista看天下UITests.xctest */ = {isa = PBXFileReference; explicitFileType = wrapper.cfbundle; includeInIndex = 0; path = "AIVista看天下UITests.xctest"; sourceTree = BUILT_PRODUCTS_DIR; };
		452837BB1BC4CC5100EB31BF /* AIVista___UITests.m */ = {isa = PBXFileReference; lastKnownFileType = sourcecode.c.objc; path = "AIVista___UITests.m"; sourceTree = "<group>"; };
		452837BD1BC4CC5100EB31BF /* Info.plist */ = {isa = PBXFileReference; lastKnownFileType = text.plist.xml; path = Info.plist; sourceTree = "<group>"; };
		452837E71BC4CE1000EB31BF /* AIDefine.h */ = {isa = PBXFileReference; lastKnownFileType = sourcecode.c.h; path = AIDefine.h; sourceTree = "<group>"; };
		452837E91BC4D09D00EB31BF /* NSString+Extension.h */ = {isa = PBXFileReference; fileEncoding = 4; lastKnownFileType = sourcecode.c.h; path = "NSString+Extension.h"; sourceTree = "<group>"; };
		452837EA1BC4D09D00EB31BF /* NSString+Extension.m */ = {isa = PBXFileReference; fileEncoding = 4; lastKnownFileType = sourcecode.c.objc; path = "NSString+Extension.m"; sourceTree = "<group>"; };
		452837EB1BC4D09D00EB31BF /* UIBarButtonItem+Extension.h */ = {isa = PBXFileReference; fileEncoding = 4; lastKnownFileType = sourcecode.c.h; path = "UIBarButtonItem+Extension.h"; sourceTree = "<group>"; };
		452837EC1BC4D09D00EB31BF /* UIBarButtonItem+Extension.m */ = {isa = PBXFileReference; fileEncoding = 4; lastKnownFileType = sourcecode.c.objc; path = "UIBarButtonItem+Extension.m"; sourceTree = "<group>"; };
		452837ED1BC4D09D00EB31BF /* UIImage+Extension.h */ = {isa = PBXFileReference; fileEncoding = 4; lastKnownFileType = sourcecode.c.h; path = "UIImage+Extension.h"; sourceTree = "<group>"; };
		452837EE1BC4D09D00EB31BF /* UIImage+Extension.m */ = {isa = PBXFileReference; fileEncoding = 4; lastKnownFileType = sourcecode.c.objc; path = "UIImage+Extension.m"; sourceTree = "<group>"; };
		452837EF1BC4D09D00EB31BF /* UIView+Extension.h */ = {isa = PBXFileReference; fileEncoding = 4; lastKnownFileType = sourcecode.c.h; path = "UIView+Extension.h"; sourceTree = "<group>"; };
		452837F01BC4D09D00EB31BF /* UIView+Extension.m */ = {isa = PBXFileReference; fileEncoding = 4; lastKnownFileType = sourcecode.c.objc; path = "UIView+Extension.m"; sourceTree = "<group>"; };
		452837F51BC4D78600EB31BF /* AIBaseNavController.h */ = {isa = PBXFileReference; fileEncoding = 4; lastKnownFileType = sourcecode.c.h; path = AIBaseNavController.h; sourceTree = "<group>"; };
		452837F61BC4D78600EB31BF /* AIBaseNavController.m */ = {isa = PBXFileReference; fileEncoding = 4; lastKnownFileType = sourcecode.c.objc; path = AIBaseNavController.m; sourceTree = "<group>"; };
		452837F71BC4D78600EB31BF /* AITabBarViewController.h */ = {isa = PBXFileReference; fileEncoding = 4; lastKnownFileType = sourcecode.c.h; path = AITabBarViewController.h; sourceTree = "<group>"; };
		452837F81BC4D78600EB31BF /* AITabBarViewController.m */ = {isa = PBXFileReference; fileEncoding = 4; lastKnownFileType = sourcecode.c.objc; path = AITabBarViewController.m; sourceTree = "<group>"; };
		452837FB1BC4D8DE00EB31BF /* AITabBar.h */ = {isa = PBXFileReference; fileEncoding = 4; lastKnownFileType = sourcecode.c.h; path = AITabBar.h; sourceTree = "<group>"; };
		452837FC1BC4D8DE00EB31BF /* AITabBar.m */ = {isa = PBXFileReference; fileEncoding = 4; lastKnownFileType = sourcecode.c.objc; path = AITabBar.m; sourceTree = "<group>"; };
		452837FE1BC4D97100EB31BF /* AIInformationTableViewController.h */ = {isa = PBXFileReference; fileEncoding = 4; lastKnownFileType = sourcecode.c.h; path = AIInformationTableViewController.h; sourceTree = "<group>"; };
		452837FF1BC4D97100EB31BF /* AIInformationTableViewController.m */ = {isa = PBXFileReference; fileEncoding = 4; lastKnownFileType = sourcecode.c.objc; path = AIInformationTableViewController.m; sourceTree = "<group>"; };
		452838011BC4D98F00EB31BF /* AIMagazineTableViewController.h */ = {isa = PBXFileReference; fileEncoding = 4; lastKnownFileType = sourcecode.c.h; path = AIMagazineTableViewController.h; sourceTree = "<group>"; };
		452838021BC4D98F00EB31BF /* AIMagazineTableViewController.m */ = {isa = PBXFileReference; fileEncoding = 4; lastKnownFileType = sourcecode.c.objc; path = AIMagazineTableViewController.m; sourceTree = "<group>"; };
		452838041BC4D9D900EB31BF /* AIPictureViewController.h */ = {isa = PBXFileReference; fileEncoding = 4; lastKnownFileType = sourcecode.c.h; path = AIPictureViewController.h; sourceTree = "<group>"; };
		452838051BC4D9D900EB31BF /* AIPictureViewController.m */ = {isa = PBXFileReference; fileEncoding = 4; lastKnownFileType = sourcecode.c.objc; path = AIPictureViewController.m; sourceTree = "<group>"; };
		452838071BC4D9ED00EB31BF /* AIRespectableViewController.h */ = {isa = PBXFileReference; fileEncoding = 4; lastKnownFileType = sourcecode.c.h; path = AIRespectableViewController.h; sourceTree = "<group>"; };
		452838081BC4D9ED00EB31BF /* AIRespectableViewController.m */ = {isa = PBXFileReference; fileEncoding = 4; lastKnownFileType = sourcecode.c.objc; path = AIRespectableViewController.m; sourceTree = "<group>"; };
		4528380B1BC4F53100EB31BF /* AIRequestModel.h */ = {isa = PBXFileReference; fileEncoding = 4; lastKnownFileType = sourcecode.c.h; path = AIRequestModel.h; sourceTree = "<group>"; };
		4528380C1BC4F53100EB31BF /* AIRequestModel.m */ = {isa = PBXFileReference; fileEncoding = 4; lastKnownFileType = sourcecode.c.objc; path = AIRequestModel.m; sourceTree = "<group>"; };
		452838341BC4F59F00EB31BF /* LICENSE */ = {isa = PBXFileReference; fileEncoding = 4; lastKnownFileType = text; path = LICENSE; sourceTree = "<group>"; };
		452838351BC4F59F00EB31BF /* README.md */ = {isa = PBXFileReference; fileEncoding = 4; lastKnownFileType = net.daringfireball.markdown; path = README.md; sourceTree = "<group>"; };
		452838371BC4F59F00EB31BF /* MMHud.h */ = {isa = PBXFileReference; fileEncoding = 4; lastKnownFileType = sourcecode.c.h; path = MMHud.h; sourceTree = "<group>"; };
		452838381BC4F59F00EB31BF /* MMHud.m */ = {isa = PBXFileReference; fileEncoding = 4; lastKnownFileType = sourcecode.c.objc; path = MMHud.m; sourceTree = "<group>"; };
		452838391BC4F59F00EB31BF /* MMLinearProgressView.h */ = {isa = PBXFileReference; fileEncoding = 4; lastKnownFileType = sourcecode.c.h; path = MMLinearProgressView.h; sourceTree = "<group>"; };
		4528383A1BC4F59F00EB31BF /* MMLinearProgressView.m */ = {isa = PBXFileReference; fileEncoding = 4; lastKnownFileType = sourcecode.c.objc; path = MMLinearProgressView.m; sourceTree = "<group>"; };
		4528383B1BC4F59F00EB31BF /* MMProgressHUD+Animations.h */ = {isa = PBXFileReference; fileEncoding = 4; lastKnownFileType = sourcecode.c.h; path = "MMProgressHUD+Animations.h"; sourceTree = "<group>"; };
		4528383C1BC4F59F00EB31BF /* MMProgressHUD+Animations.m */ = {isa = PBXFileReference; fileEncoding = 4; lastKnownFileType = sourcecode.c.objc; path = "MMProgressHUD+Animations.m"; sourceTree = "<group>"; };
		4528383D1BC4F59F00EB31BF /* MMProgressHUD+Class.m */ = {isa = PBXFileReference; fileEncoding = 4; lastKnownFileType = sourcecode.c.objc; path = "MMProgressHUD+Class.m"; sourceTree = "<group>"; };
		4528383E1BC4F59F00EB31BF /* MMProgressHUD.h */ = {isa = PBXFileReference; fileEncoding = 4; lastKnownFileType = sourcecode.c.h; path = MMProgressHUD.h; sourceTree = "<group>"; };
		4528383F1BC4F59F00EB31BF /* MMProgressHUD.m */ = {isa = PBXFileReference; fileEncoding = 4; lastKnownFileType = sourcecode.c.objc; path = MMProgressHUD.m; sourceTree = "<group>"; };
		452838401BC4F59F00EB31BF /* MMProgressHUDCommon.h */ = {isa = PBXFileReference; fileEncoding = 4; lastKnownFileType = sourcecode.c.h; path = MMProgressHUDCommon.h; sourceTree = "<group>"; };
		452838411BC4F59F00EB31BF /* MMProgressHUDOverlayView.h */ = {isa = PBXFileReference; fileEncoding = 4; lastKnownFileType = sourcecode.c.h; path = MMProgressHUDOverlayView.h; sourceTree = "<group>"; };
		452838421BC4F59F00EB31BF /* MMProgressHUDOverlayView.m */ = {isa = PBXFileReference; fileEncoding = 4; lastKnownFileType = sourcecode.c.objc; path = MMProgressHUDOverlayView.m; sourceTree = "<group>"; };
		452838431BC4F59F00EB31BF /* MMProgressHUDViewController.h */ = {isa = PBXFileReference; fileEncoding = 4; lastKnownFileType = sourcecode.c.h; path = MMProgressHUDViewController.h; sourceTree = "<group>"; };
		452838441BC4F59F00EB31BF /* MMProgressHUDViewController.m */ = {isa = PBXFileReference; fileEncoding = 4; lastKnownFileType = sourcecode.c.objc; path = MMProgressHUDViewController.m; sourceTree = "<group>"; };
		452838451BC4F59F00EB31BF /* MMProgressHUDWindow.h */ = {isa = PBXFileReference; fileEncoding = 4; lastKnownFileType = sourcecode.c.h; path = MMProgressHUDWindow.h; sourceTree = "<group>"; };
		452838461BC4F59F00EB31BF /* MMProgressHUDWindow.m */ = {isa = PBXFileReference; fileEncoding = 4; lastKnownFileType = sourcecode.c.objc; path = MMProgressHUDWindow.m; sourceTree = "<group>"; };
		452838471BC4F59F00EB31BF /* MMProgressView-Protocol.h */ = {isa = PBXFileReference; fileEncoding = 4; lastKnownFileType = sourcecode.c.h; path = "MMProgressView-Protocol.h"; sourceTree = "<group>"; };
		452838481BC4F59F00EB31BF /* MMRadialProgressView.h */ = {isa = PBXFileReference; fileEncoding = 4; lastKnownFileType = sourcecode.c.h; path = MMRadialProgressView.h; sourceTree = "<group>"; };
		452838491BC4F59F00EB31BF /* MMRadialProgressView.m */ = {isa = PBXFileReference; fileEncoding = 4; lastKnownFileType = sourcecode.c.objc; path = MMRadialProgressView.m; sourceTree = "<group>"; };
		4528384A1BC4F59F00EB31BF /* MMVectorImage.h */ = {isa = PBXFileReference; fileEncoding = 4; lastKnownFileType = sourcecode.c.h; path = MMVectorImage.h; sourceTree = "<group>"; };
		4528384B1BC4F59F00EB31BF /* MMVectorImage.m */ = {isa = PBXFileReference; fileEncoding = 4; lastKnownFileType = sourcecode.c.objc; path = MMVectorImage.m; sourceTree = "<group>"; };
		4528385A1BC4F5B800EB31BF /* AFHTTPRequestOperation.h */ = {isa = PBXFileReference; fileEncoding = 4; lastKnownFileType = sourcecode.c.h; path = AFHTTPRequestOperation.h; sourceTree = "<group>"; };
		4528385B1BC4F5B800EB31BF /* AFHTTPRequestOperation.m */ = {isa = PBXFileReference; fileEncoding = 4; lastKnownFileType = sourcecode.c.objc; path = AFHTTPRequestOperation.m; sourceTree = "<group>"; };
		4528385C1BC4F5B800EB31BF /* AFHTTPRequestOperationManager.h */ = {isa = PBXFileReference; fileEncoding = 4; lastKnownFileType = sourcecode.c.h; path = AFHTTPRequestOperationManager.h; sourceTree = "<group>"; };
		4528385D1BC4F5B800EB31BF /* AFHTTPRequestOperationManager.m */ = {isa = PBXFileReference; fileEncoding = 4; lastKnownFileType = sourcecode.c.objc; path = AFHTTPRequestOperationManager.m; sourceTree = "<group>"; };
		4528385E1BC4F5B800EB31BF /* AFHTTPSessionManager.h */ = {isa = PBXFileReference; fileEncoding = 4; lastKnownFileType = sourcecode.c.h; path = AFHTTPSessionManager.h; sourceTree = "<group>"; };
		4528385F1BC4F5B800EB31BF /* AFHTTPSessionManager.m */ = {isa = PBXFileReference; fileEncoding = 4; lastKnownFileType = sourcecode.c.objc; path = AFHTTPSessionManager.m; sourceTree = "<group>"; };
		452838601BC4F5B800EB31BF /* AFNetworking.h */ = {isa = PBXFileReference; fileEncoding = 4; lastKnownFileType = sourcecode.c.h; path = AFNetworking.h; sourceTree = "<group>"; };
		452838611BC4F5B800EB31BF /* AFNetworkReachabilityManager.h */ = {isa = PBXFileReference; fileEncoding = 4; lastKnownFileType = sourcecode.c.h; path = AFNetworkReachabilityManager.h; sourceTree = "<group>"; };
		452838621BC4F5B800EB31BF /* AFNetworkReachabilityManager.m */ = {isa = PBXFileReference; fileEncoding = 4; lastKnownFileType = sourcecode.c.objc; path = AFNetworkReachabilityManager.m; sourceTree = "<group>"; };
		452838631BC4F5B800EB31BF /* AFSecurityPolicy.h */ = {isa = PBXFileReference; fileEncoding = 4; lastKnownFileType = sourcecode.c.h; path = AFSecurityPolicy.h; sourceTree = "<group>"; };
		452838641BC4F5B800EB31BF /* AFSecurityPolicy.m */ = {isa = PBXFileReference; fileEncoding = 4; lastKnownFileType = sourcecode.c.objc; path = AFSecurityPolicy.m; sourceTree = "<group>"; };
		452838651BC4F5B800EB31BF /* AFURLConnectionOperation.h */ = {isa = PBXFileReference; fileEncoding = 4; lastKnownFileType = sourcecode.c.h; path = AFURLConnectionOperation.h; sourceTree = "<group>"; };
		452838661BC4F5B800EB31BF /* AFURLConnectionOperation.m */ = {isa = PBXFileReference; fileEncoding = 4; lastKnownFileType = sourcecode.c.objc; path = AFURLConnectionOperation.m; sourceTree = "<group>"; };
		452838671BC4F5B800EB31BF /* AFURLRequestSerialization.h */ = {isa = PBXFileReference; fileEncoding = 4; lastKnownFileType = sourcecode.c.h; path = AFURLRequestSerialization.h; sourceTree = "<group>"; };
		452838681BC4F5B800EB31BF /* AFURLRequestSerialization.m */ = {isa = PBXFileReference; fileEncoding = 4; lastKnownFileType = sourcecode.c.objc; path = AFURLRequestSerialization.m; sourceTree = "<group>"; };
		452838691BC4F5B800EB31BF /* AFURLResponseSerialization.h */ = {isa = PBXFileReference; fileEncoding = 4; lastKnownFileType = sourcecode.c.h; path = AFURLResponseSerialization.h; sourceTree = "<group>"; };
		4528386A1BC4F5B800EB31BF /* AFURLResponseSerialization.m */ = {isa = PBXFileReference; fileEncoding = 4; lastKnownFileType = sourcecode.c.objc; path = AFURLResponseSerialization.m; sourceTree = "<group>"; };
		4528386B1BC4F5B800EB31BF /* AFURLSessionManager.h */ = {isa = PBXFileReference; fileEncoding = 4; lastKnownFileType = sourcecode.c.h; path = AFURLSessionManager.h; sourceTree = "<group>"; };
		4528386C1BC4F5B800EB31BF /* AFURLSessionManager.m */ = {isa = PBXFileReference; fileEncoding = 4; lastKnownFileType = sourcecode.c.objc; path = AFURLSessionManager.m; sourceTree = "<group>"; };
		4528386E1BC4F5B800EB31BF /* AFNetworkActivityIndicatorManager.h */ = {isa = PBXFileReference; fileEncoding = 4; lastKnownFileType = sourcecode.c.h; path = AFNetworkActivityIndicatorManager.h; sourceTree = "<group>"; };
		4528386F1BC4F5B800EB31BF /* AFNetworkActivityIndicatorManager.m */ = {isa = PBXFileReference; fileEncoding = 4; lastKnownFileType = sourcecode.c.objc; path = AFNetworkActivityIndicatorManager.m; sourceTree = "<group>"; };
		452838701BC4F5B800EB31BF /* UIActivityIndicatorView+AFNetworking.h */ = {isa = PBXFileReference; fileEncoding = 4; lastKnownFileType = sourcecode.c.h; path = "UIActivityIndicatorView+AFNetworking.h"; sourceTree = "<group>"; };
		452838711BC4F5B800EB31BF /* UIActivityIndicatorView+AFNetworking.m */ = {isa = PBXFileReference; fileEncoding = 4; lastKnownFileType = sourcecode.c.objc; path = "UIActivityIndicatorView+AFNetworking.m"; sourceTree = "<group>"; };
		452838721BC4F5B800EB31BF /* UIAlertView+AFNetworking.h */ = {isa = PBXFileReference; fileEncoding = 4; lastKnownFileType = sourcecode.c.h; path = "UIAlertView+AFNetworking.h"; sourceTree = "<group>"; };
		452838731BC4F5B800EB31BF /* UIAlertView+AFNetworking.m */ = {isa = PBXFileReference; fileEncoding = 4; lastKnownFileType = sourcecode.c.objc; path = "UIAlertView+AFNetworking.m"; sourceTree = "<group>"; };
		452838741BC4F5B800EB31BF /* UIButton+AFNetworking.h */ = {isa = PBXFileReference; fileEncoding = 4; lastKnownFileType = sourcecode.c.h; path = "UIButton+AFNetworking.h"; sourceTree = "<group>"; };
		452838751BC4F5B800EB31BF /* UIButton+AFNetworking.m */ = {isa = PBXFileReference; fileEncoding = 4; lastKnownFileType = sourcecode.c.objc; path = "UIButton+AFNetworking.m"; sourceTree = "<group>"; };
		452838761BC4F5B800EB31BF /* UIImageView+AFNetworking.h */ = {isa = PBXFileReference; fileEncoding = 4; lastKnownFileType = sourcecode.c.h; path = "UIImageView+AFNetworking.h"; sourceTree = "<group>"; };
		452838771BC4F5B800EB31BF /* UIImageView+AFNetworking.m */ = {isa = PBXFileReference; fileEncoding = 4; lastKnownFileType = sourcecode.c.objc; path = "UIImageView+AFNetworking.m"; sourceTree = "<group>"; };
		452838781BC4F5B800EB31BF /* UIKit+AFNetworking.h */ = {isa = PBXFileReference; fileEncoding = 4; lastKnownFileType = sourcecode.c.h; path = "UIKit+AFNetworking.h"; sourceTree = "<group>"; };
		452838791BC4F5B800EB31BF /* UIProgressView+AFNetworking.h */ = {isa = PBXFileReference; fileEncoding = 4; lastKnownFileType = sourcecode.c.h; path = "UIProgressView+AFNetworking.h"; sourceTree = "<group>"; };
		4528387A1BC4F5B800EB31BF /* UIProgressView+AFNetworking.m */ = {isa = PBXFileReference; fileEncoding = 4; lastKnownFileType = sourcecode.c.objc; path = "UIProgressView+AFNetworking.m"; sourceTree = "<group>"; };
		4528387B1BC4F5B800EB31BF /* UIRefreshControl+AFNetworking.h */ = {isa = PBXFileReference; fileEncoding = 4; lastKnownFileType = sourcecode.c.h; path = "UIRefreshControl+AFNetworking.h"; sourceTree = "<group>"; };
		4528387C1BC4F5B800EB31BF /* UIRefreshControl+AFNetworking.m */ = {isa = PBXFileReference; fileEncoding = 4; lastKnownFileType = sourcecode.c.objc; path = "UIRefreshControl+AFNetworking.m"; sourceTree = "<group>"; };
		4528387D1BC4F5B800EB31BF /* UIWebView+AFNetworking.h */ = {isa = PBXFileReference; fileEncoding = 4; lastKnownFileType = sourcecode.c.h; path = "UIWebView+AFNetworking.h"; sourceTree = "<group>"; };
		4528387E1BC4F5B800EB31BF /* UIWebView+AFNetworking.m */ = {isa = PBXFileReference; fileEncoding = 4; lastKnownFileType = sourcecode.c.objc; path = "UIWebView+AFNetworking.m"; sourceTree = "<group>"; };
		452838901BC4F60C00EB31BF /* MessageUI.framework */ = {isa = PBXFileReference; lastKnownFileType = wrapper.framework; name = MessageUI.framework; path = System/Library/Frameworks/MessageUI.framework; sourceTree = SDKROOT; };
		452838921BC4F9B800EB31BF /* AIBaseTableViewController.h */ = {isa = PBXFileReference; fileEncoding = 4; lastKnownFileType = sourcecode.c.h; path = AIBaseTableViewController.h; sourceTree = "<group>"; };
		452838931BC4F9B800EB31BF /* AIBaseTableViewController.m */ = {isa = PBXFileReference; fileEncoding = 4; lastKnownFileType = sourcecode.c.objc; path = AIBaseTableViewController.m; sourceTree = "<group>"; };
		452838951BC5009500EB31BF /* AIBaseTableViewCell.h */ = {isa = PBXFileReference; fileEncoding = 4; lastKnownFileType = sourcecode.c.h; path = AIBaseTableViewCell.h; sourceTree = "<group>"; };
		452838961BC5009500EB31BF /* AIBaseTableViewCell.m */ = {isa = PBXFileReference; fileEncoding = 4; lastKnownFileType = sourcecode.c.objc; path = AIBaseTableViewCell.m; sourceTree = "<group>"; };
		452838981BC5013700EB31BF /* AIBaseCellModel.h */ = {isa = PBXFileReference; fileEncoding = 4; lastKnownFileType = sourcecode.c.h; path = AIBaseCellModel.h; sourceTree = "<group>"; };
		452838991BC5013700EB31BF /* AIBaseCellModel.m */ = {isa = PBXFileReference; fileEncoding = 4; lastKnownFileType = sourcecode.c.objc; path = AIBaseCellModel.m; sourceTree = "<group>"; };
		4528389B1BC5048000EB31BF /* AIInformationModel.h */ = {isa = PBXFileReference; fileEncoding = 4; lastKnownFileType = sourcecode.c.h; path = AIInformationModel.h; sourceTree = "<group>"; };
		4528389C1BC5048000EB31BF /* AIInformationModel.m */ = {isa = PBXFileReference; fileEncoding = 4; lastKnownFileType = sourcecode.c.objc; path = AIInformationModel.m; sourceTree = "<group>"; };
		4528389E1BC505E400EB31BF /* AIMagazineModel.h */ = {isa = PBXFileReference; fileEncoding = 4; lastKnownFileType = sourcecode.c.h; path = AIMagazineModel.h; sourceTree = "<group>"; };
		4528389F1BC505E400EB31BF /* AIMagazineModel.m */ = {isa = PBXFileReference; fileEncoding = 4; lastKnownFileType = sourcecode.c.objc; path = AIMagazineModel.m; sourceTree = "<group>"; };
		452838A11BC508D400EB31BF /* AIBaseTableViewCell.xib */ = {isa = PBXFileReference; fileEncoding = 4; lastKnownFileType = file.xib; path = AIBaseTableViewCell.xib; sourceTree = "<group>"; };
		452838A31BC5235500EB31BF /* AICollectionViewCell.h */ = {isa = PBXFileReference; fileEncoding = 4; lastKnownFileType = sourcecode.c.h; path = AICollectionViewCell.h; sourceTree = "<group>"; };
		452838A41BC5235500EB31BF /* AICollectionViewCell.m */ = {isa = PBXFileReference; fileEncoding = 4; lastKnownFileType = sourcecode.c.objc; path = AICollectionViewCell.m; sourceTree = "<group>"; };
		452838A51BC5235500EB31BF /* AICollectionViewCell.xib */ = {isa = PBXFileReference; fileEncoding = 4; lastKnownFileType = file.xib; path = AICollectionViewCell.xib; sourceTree = "<group>"; };
		452838A81BC5243900EB31BF /* AIPictureModel.h */ = {isa = PBXFileReference; fileEncoding = 4; lastKnownFileType = sourcecode.c.h; path = AIPictureModel.h; sourceTree = "<group>"; };
		452838A91BC5243900EB31BF /* AIPictureModel.m */ = {isa = PBXFileReference; fileEncoding = 4; lastKnownFileType = sourcecode.c.objc; path = AIPictureModel.m; sourceTree = "<group>"; };
/* End PBXFileReference section */

/* Begin PBXFrameworksBuildPhase section */
		452837901BC4CC5000EB31BF /* Frameworks */ = {
			isa = PBXFrameworksBuildPhase;
			buildActionMask = 2147483647;
			files = (
				452838911BC4F60C00EB31BF /* MessageUI.framework in Frameworks */,
			);
			runOnlyForDeploymentPostprocessing = 0;
		};
		452837A91BC4CC5100EB31BF /* Frameworks */ = {
			isa = PBXFrameworksBuildPhase;
			buildActionMask = 2147483647;
			files = (
			);
			runOnlyForDeploymentPostprocessing = 0;
		};
		452837B41BC4CC5100EB31BF /* Frameworks */ = {
			isa = PBXFrameworksBuildPhase;
			buildActionMask = 2147483647;
			files = (
			);
			runOnlyForDeploymentPostprocessing = 0;
		};
/* End PBXFrameworksBuildPhase section */

/* Begin PBXGroup section */
		4528378A1BC4CC5000EB31BF = {
			isa = PBXGroup;
			children = (
				452838901BC4F60C00EB31BF /* MessageUI.framework */,
				452837951BC4CC5100EB31BF /* AIVista看天下 */,
				452837AF1BC4CC5100EB31BF /* AIVista看天下Tests */,
				452837BA1BC4CC5100EB31BF /* AIVista看天下UITests */,
				452837941BC4CC5100EB31BF /* Products */,
			);
			sourceTree = "<group>";
		};
		452837941BC4CC5100EB31BF /* Products */ = {
			isa = PBXGroup;
			children = (
				452837931BC4CC5100EB31BF /* AIVista看天下.app */,
				452837AC1BC4CC5100EB31BF /* AIVista看天下Tests.xctest */,
				452837B71BC4CC5100EB31BF /* AIVista看天下UITests.xctest */,
			);
			name = Products;
			sourceTree = "<group>";
		};
		452837951BC4CC5100EB31BF /* AIVista看天下 */ = {
			isa = PBXGroup;
			children = (
				4528380A1BC4F51F00EB31BF /* Tools */,
				452837C91BC4CDAE00EB31BF /* Information(资讯) */,
				452837CF1BC4CDAE00EB31BF /* Magazine(杂志) */,
				452837D51BC4CDAE00EB31BF /* Main(主要) */,
				452837DB1BC4CDAE00EB31BF /* Picture(酷图) */,
				452837E11BC4CDAE00EB31BF /* Respectable(微言) */,
				4528379F1BC4CC5100EB31BF /* Main.storyboard */,
				452837961BC4CC5100EB31BF /* Supporting Files */,
			);
			path = "AIVista看天下";
			sourceTree = "<group>";
		};
		452837961BC4CC5100EB31BF /* Supporting Files */ = {
			isa = PBXGroup;
			children = (
				452837A41BC4CC5100EB31BF /* LaunchScreen.storyboard */,
				452837A21BC4CC5100EB31BF /* Assets.xcassets */,
				452837A71BC4CC5100EB31BF /* Info.plist */,
				452837971BC4CC5100EB31BF /* main.m */,
			);
			name = "Supporting Files";
			sourceTree = "<group>";
		};
		452837AF1BC4CC5100EB31BF /* AIVista看天下Tests */ = {
			isa = PBXGroup;
			children = (
				452837B01BC4CC5100EB31BF /* AIVista___Tests.m */,
				452837B21BC4CC5100EB31BF /* Info.plist */,
			);
			path = "AIVista看天下Tests";
			sourceTree = "<group>";
		};
		452837BA1BC4CC5100EB31BF /* AIVista看天下UITests */ = {
			isa = PBXGroup;
			children = (
				452837BB1BC4CC5100EB31BF /* AIVista___UITests.m */,
				452837BD1BC4CC5100EB31BF /* Info.plist */,
			);
			path = "AIVista看天下UITests";
			sourceTree = "<group>";
		};
		452837C91BC4CDAE00EB31BF /* Information(资讯) */ = {
			isa = PBXGroup;
			children = (
				452837CA1BC4CDAE00EB31BF /* Controller */,
				452837CB1BC4CDAE00EB31BF /* Libs */,
				452837CC1BC4CDAE00EB31BF /* Model */,
				452837CD1BC4CDAE00EB31BF /* Other */,
				452837CE1BC4CDAE00EB31BF /* View */,
			);
			path = "Information(资讯)";
			sourceTree = "<group>";
		};
		452837CA1BC4CDAE00EB31BF /* Controller */ = {
			isa = PBXGroup;
			children = (
				452837FE1BC4D97100EB31BF /* AIInformationTableViewController.h */,
				452837FF1BC4D97100EB31BF /* AIInformationTableViewController.m */,
			);
			path = Controller;
			sourceTree = "<group>";
		};
		452837CB1BC4CDAE00EB31BF /* Libs */ = {
			isa = PBXGroup;
			children = (
			);
			path = Libs;
			sourceTree = "<group>";
		};
		452837CC1BC4CDAE00EB31BF /* Model */ = {
			isa = PBXGroup;
			children = (
				4528389B1BC5048000EB31BF /* AIInformationModel.h */,
				4528389C1BC5048000EB31BF /* AIInformationModel.m */,
			);
			path = Model;
			sourceTree = "<group>";
		};
		452837CD1BC4CDAE00EB31BF /* Other */ = {
			isa = PBXGroup;
			children = (
			);
			path = Other;
			sourceTree = "<group>";
		};
		452837CE1BC4CDAE00EB31BF /* View */ = {
			isa = PBXGroup;
			children = (
			);
			path = View;
			sourceTree = "<group>";
		};
		452837CF1BC4CDAE00EB31BF /* Magazine(杂志) */ = {
			isa = PBXGroup;
			children = (
				452837D01BC4CDAE00EB31BF /* Controller */,
				452837D11BC4CDAE00EB31BF /* Libs */,
				452837D21BC4CDAE00EB31BF /* Model */,
				452837D31BC4CDAE00EB31BF /* Other */,
				452837D41BC4CDAE00EB31BF /* View */,
			);
			path = "Magazine(杂志)";
			sourceTree = "<group>";
		};
		452837D01BC4CDAE00EB31BF /* Controller */ = {
			isa = PBXGroup;
			children = (
				452838011BC4D98F00EB31BF /* AIMagazineTableViewController.h */,
				452838021BC4D98F00EB31BF /* AIMagazineTableViewController.m */,
			);
			path = Controller;
			sourceTree = "<group>";
		};
		452837D11BC4CDAE00EB31BF /* Libs */ = {
			isa = PBXGroup;
			children = (
			);
			path = Libs;
			sourceTree = "<group>";
		};
		452837D21BC4CDAE00EB31BF /* Model */ = {
			isa = PBXGroup;
			children = (
				4528389E1BC505E400EB31BF /* AIMagazineModel.h */,
				4528389F1BC505E400EB31BF /* AIMagazineModel.m */,
			);
			path = Model;
			sourceTree = "<group>";
		};
		452837D31BC4CDAE00EB31BF /* Other */ = {
			isa = PBXGroup;
			children = (
			);
			path = Other;
			sourceTree = "<group>";
		};
		452837D41BC4CDAE00EB31BF /* View */ = {
			isa = PBXGroup;
			children = (
			);
			path = View;
			sourceTree = "<group>";
		};
		452837D51BC4CDAE00EB31BF /* Main(主要) */ = {
			isa = PBXGroup;
			children = (
				452837E81BC4D09D00EB31BF /* Category */,
				452837D61BC4CDAE00EB31BF /* Controller */,
				452837D71BC4CDAE00EB31BF /* Libs */,
				452837D81BC4CDAE00EB31BF /* Model */,
				452837D91BC4CDAE00EB31BF /* Other */,
				452837DA1BC4CDAE00EB31BF /* View */,
			);
			path = "Main(主要)";
			sourceTree = "<group>";
		};
		452837D61BC4CDAE00EB31BF /* Controller */ = {
			isa = PBXGroup;
			children = (
				452837F51BC4D78600EB31BF /* AIBaseNavController.h */,
				452837F61BC4D78600EB31BF /* AIBaseNavController.m */,
				452837F71BC4D78600EB31BF /* AITabBarViewController.h */,
				452837F81BC4D78600EB31BF /* AITabBarViewController.m */,
				452838921BC4F9B800EB31BF /* AIBaseTableViewController.h */,
				452838931BC4F9B800EB31BF /* AIBaseTableViewController.m */,
			);
			path = Controller;
			sourceTree = "<group>";
		};
		452837D71BC4CDAE00EB31BF /* Libs */ = {
			isa = PBXGroup;
			children = (
				452838581BC4F5B800EB31BF /* AFNetworking */,
				452838331BC4F59F00EB31BF /* MMProgressHUD(带动画效果的蒙版) */,
			);
			path = Libs;
			sourceTree = "<group>";
		};
		452837D81BC4CDAE00EB31BF /* Model */ = {
			isa = PBXGroup;
			children = (
				452838981BC5013700EB31BF /* AIBaseCellModel.h */,
				452838991BC5013700EB31BF /* AIBaseCellModel.m */,
			);
			path = Model;
			sourceTree = "<group>";
		};
		452837D91BC4CDAE00EB31BF /* Other */ = {
			isa = PBXGroup;
			children = (
				452837991BC4CC5100EB31BF /* AppDelegate.h */,
				4528379A1BC4CC5100EB31BF /* AppDelegate.m */,
				452837E71BC4CE1000EB31BF /* AIDefine.h */,
			);
			path = Other;
			sourceTree = "<group>";
		};
		452837DA1BC4CDAE00EB31BF /* View */ = {
			isa = PBXGroup;
			children = (
				452837FB1BC4D8DE00EB31BF /* AITabBar.h */,
				452837FC1BC4D8DE00EB31BF /* AITabBar.m */,
				452838951BC5009500EB31BF /* AIBaseTableViewCell.h */,
				452838961BC5009500EB31BF /* AIBaseTableViewCell.m */,
				452838A11BC508D400EB31BF /* AIBaseTableViewCell.xib */,
			);
			path = View;
			sourceTree = "<group>";
		};
		452837DB1BC4CDAE00EB31BF /* Picture(酷图) */ = {
			isa = PBXGroup;
			children = (
				452837DC1BC4CDAE00EB31BF /* Controller */,
				452837DD1BC4CDAE00EB31BF /* Libs */,
				452837DE1BC4CDAE00EB31BF /* Model */,
				452837DF1BC4CDAE00EB31BF /* Other */,
				452837E01BC4CDAE00EB31BF /* View */,
			);
			path = "Picture(酷图)";
			sourceTree = "<group>";
		};
		452837DC1BC4CDAE00EB31BF /* Controller */ = {
			isa = PBXGroup;
			children = (
				452838041BC4D9D900EB31BF /* AIPictureViewController.h */,
				452838051BC4D9D900EB31BF /* AIPictureViewController.m */,
			);
			path = Controller;
			sourceTree = "<group>";
		};
		452837DD1BC4CDAE00EB31BF /* Libs */ = {
			isa = PBXGroup;
			children = (
			);
			path = Libs;
			sourceTree = "<group>";
		};
		452837DE1BC4CDAE00EB31BF /* Model */ = {
			isa = PBXGroup;
			children = (
				452838A81BC5243900EB31BF /* AIPictureModel.h */,
				452838A91BC5243900EB31BF /* AIPictureModel.m */,
			);
			path = Model;
			sourceTree = "<group>";
		};
		452837DF1BC4CDAE00EB31BF /* Other */ = {
			isa = PBXGroup;
			children = (
			);
			path = Other;
			sourceTree = "<group>";
		};
		452837E01BC4CDAE00EB31BF /* View */ = {
			isa = PBXGroup;
			children = (
				452838A31BC5235500EB31BF /* AICollectionViewCell.h */,
				452838A41BC5235500EB31BF /* AICollectionViewCell.m */,
				452838A51BC5235500EB31BF /* AICollectionViewCell.xib */,
			);
			path = View;
			sourceTree = "<group>";
		};
		452837E11BC4CDAE00EB31BF /* Respectable(微言) */ = {
			isa = PBXGroup;
			children = (
				452837E21BC4CDAE00EB31BF /* Controller */,
				452837E31BC4CDAE00EB31BF /* Libs */,
				452837E41BC4CDAE00EB31BF /* Model */,
				452837E51BC4CDAE00EB31BF /* Other */,
				452837E61BC4CDAE00EB31BF /* View */,
			);
			path = "Respectable(微言)";
			sourceTree = "<group>";
		};
		452837E21BC4CDAE00EB31BF /* Controller */ = {
			isa = PBXGroup;
			children = (
				452838071BC4D9ED00EB31BF /* AIRespectableViewController.h */,
				452838081BC4D9ED00EB31BF /* AIRespectableViewController.m */,
			);
			path = Controller;
			sourceTree = "<group>";
		};
		452837E31BC4CDAE00EB31BF /* Libs */ = {
			isa = PBXGroup;
			children = (
			);
			path = Libs;
			sourceTree = "<group>";
		};
		452837E41BC4CDAE00EB31BF /* Model */ = {
			isa = PBXGroup;
			children = (
			);
			path = Model;
			sourceTree = "<group>";
		};
		452837E51BC4CDAE00EB31BF /* Other */ = {
			isa = PBXGroup;
			children = (
			);
			path = Other;
			sourceTree = "<group>";
		};
		452837E61BC4CDAE00EB31BF /* View */ = {
			isa = PBXGroup;
			children = (
			);
			path = View;
			sourceTree = "<group>";
		};
		452837E81BC4D09D00EB31BF /* Category */ = {
			isa = PBXGroup;
			children = (
				452837E91BC4D09D00EB31BF /* NSString+Extension.h */,
				452837EA1BC4D09D00EB31BF /* NSString+Extension.m */,
				452837EB1BC4D09D00EB31BF /* UIBarButtonItem+Extension.h */,
				452837EC1BC4D09D00EB31BF /* UIBarButtonItem+Extension.m */,
				452837ED1BC4D09D00EB31BF /* UIImage+Extension.h */,
				452837EE1BC4D09D00EB31BF /* UIImage+Extension.m */,
				452837EF1BC4D09D00EB31BF /* UIView+Extension.h */,
				452837F01BC4D09D00EB31BF /* UIView+Extension.m */,
			);
			path = Category;
			sourceTree = "<group>";
		};
		4528380A1BC4F51F00EB31BF /* Tools */ = {
			isa = PBXGroup;
			children = (
				4528380B1BC4F53100EB31BF /* AIRequestModel.h */,
				4528380C1BC4F53100EB31BF /* AIRequestModel.m */,
			);
			path = Tools;
			sourceTree = "<group>";
		};
		452838331BC4F59F00EB31BF /* MMProgressHUD(带动画效果的蒙版) */ = {
			isa = PBXGroup;
			children = (
				452838341BC4F59F00EB31BF /* LICENSE */,
				452838351BC4F59F00EB31BF /* README.md */,
				452838361BC4F59F00EB31BF /* Source */,
			);
			path = "MMProgressHUD(带动画效果的蒙版)";
			sourceTree = "<group>";
		};
		452838361BC4F59F00EB31BF /* Source */ = {
			isa = PBXGroup;
			children = (
				452838371BC4F59F00EB31BF /* MMHud.h */,
				452838381BC4F59F00EB31BF /* MMHud.m */,
				452838391BC4F59F00EB31BF /* MMLinearProgressView.h */,
				4528383A1BC4F59F00EB31BF /* MMLinearProgressView.m */,
				4528383B1BC4F59F00EB31BF /* MMProgressHUD+Animations.h */,
				4528383C1BC4F59F00EB31BF /* MMProgressHUD+Animations.m */,
				4528383D1BC4F59F00EB31BF /* MMProgressHUD+Class.m */,
				4528383E1BC4F59F00EB31BF /* MMProgressHUD.h */,
				4528383F1BC4F59F00EB31BF /* MMProgressHUD.m */,
				452838401BC4F59F00EB31BF /* MMProgressHUDCommon.h */,
				452838411BC4F59F00EB31BF /* MMProgressHUDOverlayView.h */,
				452838421BC4F59F00EB31BF /* MMProgressHUDOverlayView.m */,
				452838431BC4F59F00EB31BF /* MMProgressHUDViewController.h */,
				452838441BC4F59F00EB31BF /* MMProgressHUDViewController.m */,
				452838451BC4F59F00EB31BF /* MMProgressHUDWindow.h */,
				452838461BC4F59F00EB31BF /* MMProgressHUDWindow.m */,
				452838471BC4F59F00EB31BF /* MMProgressView-Protocol.h */,
				452838481BC4F59F00EB31BF /* MMRadialProgressView.h */,
				452838491BC4F59F00EB31BF /* MMRadialProgressView.m */,
				4528384A1BC4F59F00EB31BF /* MMVectorImage.h */,
				4528384B1BC4F59F00EB31BF /* MMVectorImage.m */,
			);
			path = Source;
			sourceTree = "<group>";
		};
		452838581BC4F5B800EB31BF /* AFNetworking */ = {
			isa = PBXGroup;
			children = (
				452838591BC4F5B800EB31BF /* AFNetworking */,
				4528386D1BC4F5B800EB31BF /* UIKit+AFNetworking */,
			);
			path = AFNetworking;
			sourceTree = "<group>";
		};
		452838591BC4F5B800EB31BF /* AFNetworking */ = {
			isa = PBXGroup;
			children = (
				4528385A1BC4F5B800EB31BF /* AFHTTPRequestOperation.h */,
				4528385B1BC4F5B800EB31BF /* AFHTTPRequestOperation.m */,
				4528385C1BC4F5B800EB31BF /* AFHTTPRequestOperationManager.h */,
				4528385D1BC4F5B800EB31BF /* AFHTTPRequestOperationManager.m */,
				4528385E1BC4F5B800EB31BF /* AFHTTPSessionManager.h */,
				4528385F1BC4F5B800EB31BF /* AFHTTPSessionManager.m */,
				452838601BC4F5B800EB31BF /* AFNetworking.h */,
				452838611BC4F5B800EB31BF /* AFNetworkReachabilityManager.h */,
				452838621BC4F5B800EB31BF /* AFNetworkReachabilityManager.m */,
				452838631BC4F5B800EB31BF /* AFSecurityPolicy.h */,
				452838641BC4F5B800EB31BF /* AFSecurityPolicy.m */,
				452838651BC4F5B800EB31BF /* AFURLConnectionOperation.h */,
				452838661BC4F5B800EB31BF /* AFURLConnectionOperation.m */,
				452838671BC4F5B800EB31BF /* AFURLRequestSerialization.h */,
				452838681BC4F5B800EB31BF /* AFURLRequestSerialization.m */,
				452838691BC4F5B800EB31BF /* AFURLResponseSerialization.h */,
				4528386A1BC4F5B800EB31BF /* AFURLResponseSerialization.m */,
				4528386B1BC4F5B800EB31BF /* AFURLSessionManager.h */,
				4528386C1BC4F5B800EB31BF /* AFURLSessionManager.m */,
			);
			path = AFNetworking;
			sourceTree = "<group>";
		};
		4528386D1BC4F5B800EB31BF /* UIKit+AFNetworking */ = {
			isa = PBXGroup;
			children = (
				4528386E1BC4F5B800EB31BF /* AFNetworkActivityIndicatorManager.h */,
				4528386F1BC4F5B800EB31BF /* AFNetworkActivityIndicatorManager.m */,
				452838701BC4F5B800EB31BF /* UIActivityIndicatorView+AFNetworking.h */,
				452838711BC4F5B800EB31BF /* UIActivityIndicatorView+AFNetworking.m */,
				452838721BC4F5B800EB31BF /* UIAlertView+AFNetworking.h */,
				452838731BC4F5B800EB31BF /* UIAlertView+AFNetworking.m */,
				452838741BC4F5B800EB31BF /* UIButton+AFNetworking.h */,
				452838751BC4F5B800EB31BF /* UIButton+AFNetworking.m */,
				452838761BC4F5B800EB31BF /* UIImageView+AFNetworking.h */,
				452838771BC4F5B800EB31BF /* UIImageView+AFNetworking.m */,
				452838781BC4F5B800EB31BF /* UIKit+AFNetworking.h */,
				452838791BC4F5B800EB31BF /* UIProgressView+AFNetworking.h */,
				4528387A1BC4F5B800EB31BF /* UIProgressView+AFNetworking.m */,
				4528387B1BC4F5B800EB31BF /* UIRefreshControl+AFNetworking.h */,
				4528387C1BC4F5B800EB31BF /* UIRefreshControl+AFNetworking.m */,
				4528387D1BC4F5B800EB31BF /* UIWebView+AFNetworking.h */,
				4528387E1BC4F5B800EB31BF /* UIWebView+AFNetworking.m */,
			);
			path = "UIKit+AFNetworking";
			sourceTree = "<group>";
		};
/* End PBXGroup section */

/* Begin PBXNativeTarget section */
		452837921BC4CC5000EB31BF /* AIVista看天下 */ = {
			isa = PBXNativeTarget;
			buildConfigurationList = 452837C01BC4CC5100EB31BF /* Build configuration list for PBXNativeTarget "AIVista看天下" */;
			buildPhases = (
				4528378F1BC4CC5000EB31BF /* Sources */,
				452837901BC4CC5000EB31BF /* Frameworks */,
				452837911BC4CC5000EB31BF /* Resources */,
			);
			buildRules = (
			);
			dependencies = (
			);
			name = "AIVista看天下";
			productName = "AIVista看天下";
			productReference = 452837931BC4CC5100EB31BF /* AIVista看天下.app */;
			productType = "com.apple.product-type.application";
		};
		452837AB1BC4CC5100EB31BF /* AIVista看天下Tests */ = {
			isa = PBXNativeTarget;
			buildConfigurationList = 452837C31BC4CC5100EB31BF /* Build configuration list for PBXNativeTarget "AIVista看天下Tests" */;
			buildPhases = (
				452837A81BC4CC5100EB31BF /* Sources */,
				452837A91BC4CC5100EB31BF /* Frameworks */,
				452837AA1BC4CC5100EB31BF /* Resources */,
			);
			buildRules = (
			);
			dependencies = (
				452837AE1BC4CC5100EB31BF /* PBXTargetDependency */,
			);
			name = "AIVista看天下Tests";
			productName = "AIVista看天下Tests";
			productReference = 452837AC1BC4CC5100EB31BF /* AIVista看天下Tests.xctest */;
			productType = "com.apple.product-type.bundle.unit-test";
		};
		452837B61BC4CC5100EB31BF /* AIVista看天下UITests */ = {
			isa = PBXNativeTarget;
			buildConfigurationList = 452837C61BC4CC5100EB31BF /* Build configuration list for PBXNativeTarget "AIVista看天下UITests" */;
			buildPhases = (
				452837B31BC4CC5100EB31BF /* Sources */,
				452837B41BC4CC5100EB31BF /* Frameworks */,
				452837B51BC4CC5100EB31BF /* Resources */,
			);
			buildRules = (
			);
			dependencies = (
				452837B91BC4CC5100EB31BF /* PBXTargetDependency */,
			);
			name = "AIVista看天下UITests";
			productName = "AIVista看天下UITests";
			productReference = 452837B71BC4CC5100EB31BF /* AIVista看天下UITests.xctest */;
			productType = "com.apple.product-type.bundle.ui-testing";
		};
/* End PBXNativeTarget section */

/* Begin PBXProject section */
		4528378B1BC4CC5000EB31BF /* Project object */ = {
			isa = PBXProject;
			attributes = {
				LastUpgradeCheck = 0700;
				ORGANIZATIONNAME = "艾泽鑫";
				TargetAttributes = {
					452837921BC4CC5000EB31BF = {
						CreatedOnToolsVersion = 7.0;
					};
					452837AB1BC4CC5100EB31BF = {
						CreatedOnToolsVersion = 7.0;
						TestTargetID = 452837921BC4CC5000EB31BF;
					};
					452837B61BC4CC5100EB31BF = {
						CreatedOnToolsVersion = 7.0;
						TestTargetID = 452837921BC4CC5000EB31BF;
					};
				};
			};
			buildConfigurationList = 4528378E1BC4CC5000EB31BF /* Build configuration list for PBXProject "AIVista看天下" */;
			compatibilityVersion = "Xcode 3.2";
			developmentRegion = English;
			hasScannedForEncodings = 0;
			knownRegions = (
				en,
				Base,
			);
			mainGroup = 4528378A1BC4CC5000EB31BF;
			productRefGroup = 452837941BC4CC5100EB31BF /* Products */;
			projectDirPath = "";
			projectRoot = "";
			targets = (
				452837921BC4CC5000EB31BF /* AIVista看天下 */,
				452837AB1BC4CC5100EB31BF /* AIVista看天下Tests */,
				452837B61BC4CC5100EB31BF /* AIVista看天下UITests */,
			);
		};
/* End PBXProject section */

/* Begin PBXResourcesBuildPhase section */
		452837911BC4CC5000EB31BF /* Resources */ = {
			isa = PBXResourcesBuildPhase;
			buildActionMask = 2147483647;
			files = (
				452837A61BC4CC5100EB31BF /* LaunchScreen.storyboard in Resources */,
				452837A31BC4CC5100EB31BF /* Assets.xcassets in Resources */,
				4528384C1BC4F59F00EB31BF /* LICENSE in Resources */,
				452838A21BC508D400EB31BF /* AIBaseTableViewCell.xib in Resources */,
				452838A71BC5235500EB31BF /* AICollectionViewCell.xib in Resources */,
				452837A11BC4CC5100EB31BF /* Main.storyboard in Resources */,
			);
			runOnlyForDeploymentPostprocessing = 0;
		};
		452837AA1BC4CC5100EB31BF /* Resources */ = {
			isa = PBXResourcesBuildPhase;
			buildActionMask = 2147483647;
			files = (
			);
			runOnlyForDeploymentPostprocessing = 0;
		};
		452837B51BC4CC5100EB31BF /* Resources */ = {
			isa = PBXResourcesBuildPhase;
			buildActionMask = 2147483647;
			files = (
			);
			runOnlyForDeploymentPostprocessing = 0;
		};
/* End PBXResourcesBuildPhase section */

/* Begin PBXSourcesBuildPhase section */
		4528378F1BC4CC5000EB31BF /* Sources */ = {
			isa = PBXSourcesBuildPhase;
			buildActionMask = 2147483647;
			files = (
				4528387F1BC4F5B800EB31BF /* AFHTTPRequestOperation.m in Sources */,
				4528388C1BC4F5B800EB31BF /* UIImageView+AFNetworking.m in Sources */,
				452838A61BC5235500EB31BF /* AICollectionViewCell.m in Sources */,
				452837FA1BC4D78600EB31BF /* AITabBarViewController.m in Sources */,
				4528379B1BC4CC5100EB31BF /* AppDelegate.m in Sources */,
				452838091BC4D9ED00EB31BF /* AIRespectableViewController.m in Sources */,
				452838861BC4F5B800EB31BF /* AFURLResponseSerialization.m in Sources */,
				452838531BC4F59F00EB31BF /* MMProgressHUDOverlayView.m in Sources */,
				452838891BC4F5B800EB31BF /* UIActivityIndicatorView+AFNetworking.m in Sources */,
				452838001BC4D97100EB31BF /* AIInformationTableViewController.m in Sources */,
				452837981BC4CC5100EB31BF /* main.m in Sources */,
				4528380D1BC4F53100EB31BF /* AIRequestModel.m in Sources */,
				4528388B1BC4F5B800EB31BF /* UIButton+AFNetworking.m in Sources */,
				452838841BC4F5B800EB31BF /* AFURLConnectionOperation.m in Sources */,
				452838801BC4F5B800EB31BF /* AFHTTPRequestOperationManager.m in Sources */,
				452837F41BC4D09D00EB31BF /* UIView+Extension.m in Sources */,
				452838941BC4F9B800EB31BF /* AIBaseTableViewController.m in Sources */,
				452838061BC4D9D900EB31BF /* AIPictureViewController.m in Sources */,
				452837F31BC4D09D00EB31BF /* UIImage+Extension.m in Sources */,
				4528384F1BC4F59F00EB31BF /* MMLinearProgressView.m in Sources */,
				452838521BC4F59F00EB31BF /* MMProgressHUD.m in Sources */,
				452838571BC4F59F00EB31BF /* MMVectorImage.m in Sources */,
				452838871BC4F5B800EB31BF /* AFURLSessionManager.m in Sources */,
				452838031BC4D98F00EB31BF /* AIMagazineTableViewController.m in Sources */,
				452838881BC4F5B800EB31BF /* AFNetworkActivityIndicatorManager.m in Sources */,
				452838971BC5009500EB31BF /* AIBaseTableViewCell.m in Sources */,
				452838831BC4F5B800EB31BF /* AFSecurityPolicy.m in Sources */,
				4528388D1BC4F5B800EB31BF /* UIProgressView+AFNetworking.m in Sources */,
				452838511BC4F59F00EB31BF /* MMProgressHUD+Class.m in Sources */,
				452837F11BC4D09D00EB31BF /* NSString+Extension.m in Sources */,
				452838821BC4F5B800EB31BF /* AFNetworkReachabilityManager.m in Sources */,
				452837FD1BC4D8DE00EB31BF /* AITabBar.m in Sources */,
				452838AA1BC5243900EB31BF /* AIPictureModel.m in Sources */,
				452838811BC4F5B800EB31BF /* AFHTTPSessionManager.m in Sources */,
				452838851BC4F5B800EB31BF /* AFURLRequestSerialization.m in Sources */,
				452838561BC4F59F00EB31BF /* MMRadialProgressView.m in Sources */,
				452838A01BC505E400EB31BF /* AIMagazineModel.m in Sources */,
				4528388A1BC4F5B800EB31BF /* UIAlertView+AFNetworking.m in Sources */,
				4528389A1BC5013700EB31BF /* AIBaseCellModel.m in Sources */,
				4528384D1BC4F59F00EB31BF /* README.md in Sources */,
				452838541BC4F59F00EB31BF /* MMProgressHUDViewController.m in Sources */,
				4528389D1BC5048000EB31BF /* AIInformationModel.m in Sources */,
				4528384E1BC4F59F00EB31BF /* MMHud.m in Sources */,
				452837F91BC4D78600EB31BF /* AIBaseNavController.m in Sources */,
				452838551BC4F59F00EB31BF /* MMProgressHUDWindow.m in Sources */,
				4528388F1BC4F5B800EB31BF /* UIWebView+AFNetworking.m in Sources */,
				452837F21BC4D09D00EB31BF /* UIBarButtonItem+Extension.m in Sources */,
				452838501BC4F59F00EB31BF /* MMProgressHUD+Animations.m in Sources */,
				4528388E1BC4F5B800EB31BF /* UIRefreshControl+AFNetworking.m in Sources */,
			);
			runOnlyForDeploymentPostprocessing = 0;
		};
		452837A81BC4CC5100EB31BF /* Sources */ = {
			isa = PBXSourcesBuildPhase;
			buildActionMask = 2147483647;
			files = (
				452837B11BC4CC5100EB31BF /* AIVista___Tests.m in Sources */,
			);
			runOnlyForDeploymentPostprocessing = 0;
		};
		452837B31BC4CC5100EB31BF /* Sources */ = {
			isa = PBXSourcesBuildPhase;
			buildActionMask = 2147483647;
			files = (
				452837BC1BC4CC5100EB31BF /* AIVista___UITests.m in Sources */,
			);
			runOnlyForDeploymentPostprocessing = 0;
		};
/* End PBXSourcesBuildPhase section */

/* Begin PBXTargetDependency section */
		452837AE1BC4CC5100EB31BF /* PBXTargetDependency */ = {
			isa = PBXTargetDependency;
			target = 452837921BC4CC5000EB31BF /* AIVista看天下 */;
			targetProxy = 452837AD1BC4CC5100EB31BF /* PBXContainerItemProxy */;
		};
		452837B91BC4CC5100EB31BF /* PBXTargetDependency */ = {
			isa = PBXTargetDependency;
			target = 452837921BC4CC5000EB31BF /* AIVista看天下 */;
			targetProxy = 452837B81BC4CC5100EB31BF /* PBXContainerItemProxy */;
		};
/* End PBXTargetDependency section */

/* Begin PBXVariantGroup section */
		4528379F1BC4CC5100EB31BF /* Main.storyboard */ = {
			isa = PBXVariantGroup;
			children = (
				452837A01BC4CC5100EB31BF /* Base */,
			);
			name = Main.storyboard;
			sourceTree = "<group>";
		};
		452837A41BC4CC5100EB31BF /* LaunchScreen.storyboard */ = {
			isa = PBXVariantGroup;
			children = (
				452837A51BC4CC5100EB31BF /* Base */,
			);
			name = LaunchScreen.storyboard;
			sourceTree = "<group>";
		};
/* End PBXVariantGroup section */

/* Begin XCBuildConfiguration section */
		452837BE1BC4CC5100EB31BF /* Debug */ = {
			isa = XCBuildConfiguration;
			buildSettings = {
				ALWAYS_SEARCH_USER_PATHS = NO;
				CLANG_CXX_LANGUAGE_STANDARD = "gnu++0x";
				CLANG_CXX_LIBRARY = "libc++";
				CLANG_ENABLE_MODULES = YES;
				CLANG_ENABLE_OBJC_ARC = YES;
				CLANG_WARN_BOOL_CONVERSION = YES;
				CLANG_WARN_CONSTANT_CONVERSION = YES;
				CLANG_WARN_DIRECT_OBJC_ISA_USAGE = YES_ERROR;
				CLANG_WARN_EMPTY_BODY = YES;
				CLANG_WARN_ENUM_CONVERSION = YES;
				CLANG_WARN_INT_CONVERSION = YES;
				CLANG_WARN_OBJC_ROOT_CLASS = YES_ERROR;
				CLANG_WARN_UNREACHABLE_CODE = YES;
				CLANG_WARN__DUPLICATE_METHOD_MATCH = YES;
				"CODE_SIGN_IDENTITY[sdk=iphoneos*]" = "iPhone Developer";
				COPY_PHASE_STRIP = NO;
				DEBUG_INFORMATION_FORMAT = dwarf;
				ENABLE_STRICT_OBJC_MSGSEND = YES;
				ENABLE_TESTABILITY = YES;
				GCC_C_LANGUAGE_STANDARD = gnu99;
				GCC_DYNAMIC_NO_PIC = NO;
				GCC_NO_COMMON_BLOCKS = YES;
				GCC_OPTIMIZATION_LEVEL = 0;
				GCC_PREPROCESSOR_DEFINITIONS = (
					"DEBUG=1",
					"$(inherited)",
				);
				GCC_WARN_64_TO_32_BIT_CONVERSION = YES;
				GCC_WARN_ABOUT_RETURN_TYPE = YES_ERROR;
				GCC_WARN_UNDECLARED_SELECTOR = YES;
				GCC_WARN_UNINITIALIZED_AUTOS = YES_AGGRESSIVE;
				GCC_WARN_UNUSED_FUNCTION = YES;
				GCC_WARN_UNUSED_VARIABLE = YES;
				IPHONEOS_DEPLOYMENT_TARGET = 7.1;
				MTL_ENABLE_DEBUG_INFO = YES;
				ONLY_ACTIVE_ARCH = YES;
				SDKROOT = iphoneos;
			};
			name = Debug;
		};
		452837BF1BC4CC5100EB31BF /* Release */ = {
			isa = XCBuildConfiguration;
			buildSettings = {
				ALWAYS_SEARCH_USER_PATHS = NO;
				CLANG_CXX_LANGUAGE_STANDARD = "gnu++0x";
				CLANG_CXX_LIBRARY = "libc++";
				CLANG_ENABLE_MODULES = YES;
				CLANG_ENABLE_OBJC_ARC = YES;
				CLANG_WARN_BOOL_CONVERSION = YES;
				CLANG_WARN_CONSTANT_CONVERSION = YES;
				CLANG_WARN_DIRECT_OBJC_ISA_USAGE = YES_ERROR;
				CLANG_WARN_EMPTY_BODY = YES;
				CLANG_WARN_ENUM_CONVERSION = YES;
				CLANG_WARN_INT_CONVERSION = YES;
				CLANG_WARN_OBJC_ROOT_CLASS = YES_ERROR;
				CLANG_WARN_UNREACHABLE_CODE = YES;
				CLANG_WARN__DUPLICATE_METHOD_MATCH = YES;
				"CODE_SIGN_IDENTITY[sdk=iphoneos*]" = "iPhone Developer";
				COPY_PHASE_STRIP = NO;
				DEBUG_INFORMATION_FORMAT = "dwarf-with-dsym";
				ENABLE_NS_ASSERTIONS = NO;
				ENABLE_STRICT_OBJC_MSGSEND = YES;
				GCC_C_LANGUAGE_STANDARD = gnu99;
				GCC_NO_COMMON_BLOCKS = YES;
				GCC_WARN_64_TO_32_BIT_CONVERSION = YES;
				GCC_WARN_ABOUT_RETURN_TYPE = YES_ERROR;
				GCC_WARN_UNDECLARED_SELECTOR = YES;
				GCC_WARN_UNINITIALIZED_AUTOS = YES_AGGRESSIVE;
				GCC_WARN_UNUSED_FUNCTION = YES;
				GCC_WARN_UNUSED_VARIABLE = YES;
				IPHONEOS_DEPLOYMENT_TARGET = 7.1;
				MTL_ENABLE_DEBUG_INFO = NO;
				SDKROOT = iphoneos;
				VALIDATE_PRODUCT = YES;
			};
			name = Release;
		};
		452837C11BC4CC5100EB31BF /* Debug */ = {
			isa = XCBuildConfiguration;
			buildSettings = {
				ASSETCATALOG_COMPILER_APPICON_NAME = AppIcon;
				ASSETCATALOG_COMPILER_LAUNCHIMAGE_NAME = BrandAsset;
				INFOPLIST_FILE = "AIVista看天下/Info.plist";
				LD_RUNPATH_SEARCH_PATHS = "$(inherited) @executable_path/Frameworks";
				PRODUCT_BUNDLE_IDENTIFIER = "com.aizexin.hello.AIVista---";
				PRODUCT_NAME = "$(TARGET_NAME)";
			};
			name = Debug;
		};
		452837C21BC4CC5100EB31BF /* Release */ = {
			isa = XCBuildConfiguration;
			buildSettings = {
				ASSETCATALOG_COMPILER_APPICON_NAME = AppIcon;
				ASSETCATALOG_COMPILER_LAUNCHIMAGE_NAME = BrandAsset;
				INFOPLIST_FILE = "AIVista看天下/Info.plist";
				LD_RUNPATH_SEARCH_PATHS = "$(inherited) @executable_path/Frameworks";
				PRODUCT_BUNDLE_IDENTIFIER = "com.aizexin.hello.AIVista---";
				PRODUCT_NAME = "$(TARGET_NAME)";
			};
			name = Release;
		};
		452837C41BC4CC5100EB31BF /* Debug */ = {
			isa = XCBuildConfiguration;
			buildSettings = {
				BUNDLE_LOADER = "$(TEST_HOST)";
				INFOPLIST_FILE = "AIVista看天下Tests/Info.plist";
				LD_RUNPATH_SEARCH_PATHS = "$(inherited) @executable_path/Frameworks @loader_path/Frameworks";
				PRODUCT_BUNDLE_IDENTIFIER = "com.aizexin.hello.AIVista---Tests";
				PRODUCT_NAME = "$(TARGET_NAME)";
				TEST_HOST = "$(BUILT_PRODUCTS_DIR)/AIVista看天下.app/AIVista看天下";
			};
			name = Debug;
		};
		452837C51BC4CC5100EB31BF /* Release */ = {
			isa = XCBuildConfiguration;
			buildSettings = {
				BUNDLE_LOADER = "$(TEST_HOST)";
				INFOPLIST_FILE = "AIVista看天下Tests/Info.plist";
				LD_RUNPATH_SEARCH_PATHS = "$(inherited) @executable_path/Frameworks @loader_path/Frameworks";
				PRODUCT_BUNDLE_IDENTIFIER = "com.aizexin.hello.AIVista---Tests";
				PRODUCT_NAME = "$(TARGET_NAME)";
				TEST_HOST = "$(BUILT_PRODUCTS_DIR)/AIVista看天下.app/AIVista看天下";
			};
			name = Release;
		};
		452837C71BC4CC5100EB31BF /* Debug */ = {
			isa = XCBuildConfiguration;
			buildSettings = {
				INFOPLIST_FILE = "AIVista看天下UITests/Info.plist";
				LD_RUNPATH_SEARCH_PATHS = "$(inherited) @executable_path/Frameworks @loader_path/Frameworks";
				PRODUCT_BUNDLE_IDENTIFIER = "com.aizexin.hello.AIVista---UITests";
				PRODUCT_NAME = "$(TARGET_NAME)";
				TEST_TARGET_NAME = "AIVista看天下";
				USES_XCTRUNNER = YES;
			};
			name = Debug;
		};
		452837C81BC4CC5100EB31BF /* Release */ = {
			isa = XCBuildConfiguration;
			buildSettings = {
				INFOPLIST_FILE = "AIVista看天下UITests/Info.plist";
				LD_RUNPATH_SEARCH_PATHS = "$(inherited) @executable_path/Frameworks @loader_path/Frameworks";
				PRODUCT_BUNDLE_IDENTIFIER = "com.aizexin.hello.AIVista---UITests";
				PRODUCT_NAME = "$(TARGET_NAME)";
				TEST_TARGET_NAME = "AIVista看天下";
				USES_XCTRUNNER = YES;
			};
			name = Release;
		};
/* End XCBuildConfiguration section */

/* Begin XCConfigurationList section */
		4528378E1BC4CC5000EB31BF /* Build configuration list for PBXProject "AIVista看天下" */ = {
			isa = XCConfigurationList;
			buildConfigurations = (
				452837BE1BC4CC5100EB31BF /* Debug */,
				452837BF1BC4CC5100EB31BF /* Release */,
			);
			defaultConfigurationIsVisible = 0;
			defaultConfigurationName = Release;
		};
		452837C01BC4CC5100EB31BF /* Build configuration list for PBXNativeTarget "AIVista看天下" */ = {
			isa = XCConfigurationList;
			buildConfigurations = (
				452837C11BC4CC5100EB31BF /* Debug */,
				452837C21BC4CC5100EB31BF /* Release */,
			);
			defaultConfigurationIsVisible = 0;
		};
		452837C31BC4CC5100EB31BF /* Build configuration list for PBXNativeTarget "AIVista看天下Tests" */ = {
			isa = XCConfigurationList;
			buildConfigurations = (
				452837C41BC4CC5100EB31BF /* Debug */,
				452837C51BC4CC5100EB31BF /* Release */,
			);
			defaultConfigurationIsVisible = 0;
		};
		452837C61BC4CC5100EB31BF /* Build configuration list for PBXNativeTarget "AIVista看天下UITests" */ = {
			isa = XCConfigurationList;
			buildConfigurations = (
				452837C71BC4CC5100EB31BF /* Debug */,
				452837C81BC4CC5100EB31BF /* Release */,
			);
			defaultConfigurationIsVisible = 0;
		};
/* End XCConfigurationList section */
	};
	rootObject = 4528378B1BC4CC5000EB31BF /* Project object */;
}
